version = 1
revision = 3
requires-python = ">=3.12"

[[package]]
name = "anyio"
version = "4.9.0"
source = { registry = "https://pypi.org/simple" }
dependencies = [
    { name = "idna" },
    { name = "sniffio" },
    { name = "typing-extensions", marker = "python_full_version < '3.13'" },
]
sdist = { url = "https://files.pythonhosted.org/packages/95/7d/4c1bd541d4dffa1b52bd83fb8527089e097a106fc90b467a7313b105f840/anyio-4.9.0.tar.gz", hash = "sha256:673c0c244e15788651a4ff38710fea9675823028a6f08a5eda409e0c9840a028", size = 190949, upload-time = "2025-03-17T00:02:54.77Z" }
wheels = [
    { url = "https://files.pythonhosted.org/packages/a1/ee/48ca1a7c89ffec8b6a0c5d02b89c305671d5ffd8d3c94acf8b8c408575bb/anyio-4.9.0-py3-none-any.whl", hash = "sha256:9f76d541cad6e36af7beb62e978876f3b41e3e04f2c1fbf0884604c0a9c4d93c", size = 100916, upload-time = "2025-03-17T00:02:52.713Z" },
]

[[package]]
name = "certifi"
version = "2025.7.14"
source = { registry = "https://pypi.org/simple" }
sdist = { url = "https://files.pythonhosted.org/packages/b3/76/52c535bcebe74590f296d6c77c86dabf761c41980e1347a2422e4aa2ae41/certifi-2025.7.14.tar.gz", hash = "sha256:8ea99dbdfaaf2ba2f9bac77b9249ef62ec5218e7c2b2e903378ed5fccf765995", size = 163981, upload-time = "2025-07-14T03:29:28.449Z" }
wheels = [
    { url = "https://files.pythonhosted.org/packages/4f/52/34c6cf5bb9285074dc3531c437b3919e825d976fde097a7a73f79e726d03/certifi-2025.7.14-py3-none-any.whl", hash = "sha256:6b31f564a415d79ee77df69d757bb49a5bb53bd9f756cbbe24394ffd6fc1f4b2", size = 162722, upload-time = "2025-07-14T03:29:26.863Z" },
]

[[package]]
name = "grpcio"
version = "1.73.1"
source = { registry = "https://pypi.org/simple" }
sdist = { url = "https://files.pythonhosted.org/packages/79/e8/b43b851537da2e2f03fa8be1aef207e5cbfb1a2e014fbb6b40d24c177cd3/grpcio-1.73.1.tar.gz", hash = "sha256:7fce2cd1c0c1116cf3850564ebfc3264fba75d3c74a7414373f1238ea365ef87", size = 12730355, upload-time = "2025-06-26T01:53:24.622Z" }
wheels = [
    { url = "https://files.pythonhosted.org/packages/b8/41/456caf570c55d5ac26f4c1f2db1f2ac1467d5bf3bcd660cba3e0a25b195f/grpcio-1.73.1-cp312-cp312-linux_armv7l.whl", hash = "sha256:921b25618b084e75d424a9f8e6403bfeb7abef074bb6c3174701e0f2542debcf", size = 5334621, upload-time = "2025-06-26T01:52:23.602Z" },
    { url = "https://files.pythonhosted.org/packages/2a/c2/9a15e179e49f235bb5e63b01590658c03747a43c9775e20c4e13ca04f4c4/grpcio-1.73.1-cp312-cp312-macosx_11_0_universal2.whl", hash = "sha256:277b426a0ed341e8447fbf6c1d6b68c952adddf585ea4685aa563de0f03df887", size = 10601131, upload-time = "2025-06-26T01:52:25.691Z" },
    { url = "https://files.pythonhosted.org/packages/0c/1d/1d39e90ef6348a0964caa7c5c4d05f3bae2c51ab429eb7d2e21198ac9b6d/grpcio-1.73.1-cp312-cp312-manylinux_2_17_aarch64.whl", hash = "sha256:96c112333309493c10e118d92f04594f9055774757f5d101b39f8150f8c25582", size = 5759268, upload-time = "2025-06-26T01:52:27.631Z" },
    { url = "https://files.pythonhosted.org/packages/8a/2b/2dfe9ae43de75616177bc576df4c36d6401e0959833b2e5b2d58d50c1f6b/grpcio-1.73.1-cp312-cp312-manylinux_2_17_i686.manylinux2014_i686.whl", hash = "sha256:f48e862aed925ae987eb7084409a80985de75243389dc9d9c271dd711e589918", size = 6409791, upload-time = "2025-06-26T01:52:29.711Z" },
    { url = "https://files.pythonhosted.org/packages/6e/66/e8fe779b23b5a26d1b6949e5c70bc0a5fd08f61a6ec5ac7760d589229511/grpcio-1.73.1-cp312-cp312-manylinux_2_17_x86_64.manylinux2014_x86_64.whl", hash = "sha256:83a6c2cce218e28f5040429835fa34a29319071079e3169f9543c3fbeff166d2", size = 6003728, upload-time = "2025-06-26T01:52:31.352Z" },
    { url = "https://files.pythonhosted.org/packages/a9/39/57a18fcef567784108c4fc3f5441cb9938ae5a51378505aafe81e8e15ecc/grpcio-1.73.1-cp312-cp312-musllinux_1_1_aarch64.whl", hash = "sha256:65b0458a10b100d815a8426b1442bd17001fdb77ea13665b2f7dc9e8587fdc6b", size = 6103364, upload-time = "2025-06-26T01:52:33.028Z" },
    { url = "https://files.pythonhosted.org/packages/c5/46/28919d2aa038712fc399d02fa83e998abd8c1f46c2680c5689deca06d1b2/grpcio-1.73.1-cp312-cp312-musllinux_1_1_i686.whl", hash = "sha256:0a9f3ea8dce9eae9d7cb36827200133a72b37a63896e0e61a9d5ec7d61a59ab1", size = 6749194, upload-time = "2025-06-26T01:52:34.734Z" },
    { url = "https://files.pythonhosted.org/packages/3d/56/3898526f1fad588c5d19a29ea0a3a4996fb4fa7d7c02dc1be0c9fd188b62/grpcio-1.73.1-cp312-cp312-musllinux_1_1_x86_64.whl", hash = "sha256:de18769aea47f18e782bf6819a37c1c528914bfd5683b8782b9da356506190c8", size = 6283902, upload-time = "2025-06-26T01:52:36.503Z" },
    { url = "https://files.pythonhosted.org/packages/dc/64/18b77b89c5870d8ea91818feb0c3ffb5b31b48d1b0ee3e0f0d539730fea3/grpcio-1.73.1-cp312-cp312-win32.whl", hash = "sha256:24e06a5319e33041e322d32c62b1e728f18ab8c9dbc91729a3d9f9e3ed336642", size = 3668687, upload-time = "2025-06-26T01:52:38.678Z" },
    { url = "https://files.pythonhosted.org/packages/3c/52/302448ca6e52f2a77166b2e2ed75f5d08feca4f2145faf75cb768cccb25b/grpcio-1.73.1-cp312-cp312-win_amd64.whl", hash = "sha256:303c8135d8ab176f8038c14cc10d698ae1db9c480f2b2823f7a987aa2a4c5646", size = 4334887, upload-time = "2025-06-26T01:52:40.743Z" },
    { url = "https://files.pythonhosted.org/packages/37/bf/4ca20d1acbefabcaba633ab17f4244cbbe8eca877df01517207bd6655914/grpcio-1.73.1-cp313-cp313-linux_armv7l.whl", hash = "sha256:b310824ab5092cf74750ebd8a8a8981c1810cb2b363210e70d06ef37ad80d4f9", size = 5335615, upload-time = "2025-06-26T01:52:42.896Z" },
    { url = "https://files.pythonhosted.org/packages/75/ed/45c345f284abec5d4f6d77cbca9c52c39b554397eb7de7d2fcf440bcd049/grpcio-1.73.1-cp313-cp313-macosx_11_0_universal2.whl", hash = "sha256:8f5a6df3fba31a3485096ac85b2e34b9666ffb0590df0cd044f58694e6a1f6b5", size = 10595497, upload-time = "2025-06-26T01:52:44.695Z" },
    { url = "https://files.pythonhosted.org/packages/a4/75/bff2c2728018f546d812b755455014bc718f8cdcbf5c84f1f6e5494443a8/grpcio-1.73.1-cp313-cp313-manylinux_2_17_aarch64.whl", hash = "sha256:052e28fe9c41357da42250a91926a3e2f74c046575c070b69659467ca5aa976b", size = 5765321, upload-time = "2025-06-26T01:52:46.871Z" },
    { url = "https://files.pythonhosted.org/packages/70/3b/14e43158d3b81a38251b1d231dfb45a9b492d872102a919fbf7ba4ac20cd/grpcio-1.73.1-cp313-cp313-manylinux_2_17_i686.manylinux2014_i686.whl", hash = "sha256:1c0bf15f629b1497436596b1cbddddfa3234273490229ca29561209778ebe182", size = 6415436, upload-time = "2025-06-26T01:52:49.134Z" },
    { url = "https://files.pythonhosted.org/packages/e5/3f/81d9650ca40b54338336fd360f36773be8cb6c07c036e751d8996eb96598/grpcio-1.73.1-cp313-cp313-manylinux_2_17_x86_64.manylinux2014_x86_64.whl", hash = "sha256:0ab860d5bfa788c5a021fba264802e2593688cd965d1374d31d2b1a34cacd854", size = 6007012, upload-time = "2025-06-26T01:52:51.076Z" },
    { url = "https://files.pythonhosted.org/packages/55/f4/59edf5af68d684d0f4f7ad9462a418ac517201c238551529098c9aa28cb0/grpcio-1.73.1-cp313-cp313-musllinux_1_1_aarch64.whl", hash = "sha256:ad1d958c31cc91ab050bd8a91355480b8e0683e21176522bacea225ce51163f2", size = 6105209, upload-time = "2025-06-26T01:52:52.773Z" },
    { url = "https://files.pythonhosted.org/packages/e4/a8/700d034d5d0786a5ba14bfa9ce974ed4c976936c2748c2bd87aa50f69b36/grpcio-1.73.1-cp313-cp313-musllinux_1_1_i686.whl", hash = "sha256:f43ffb3bd415c57224c7427bfb9e6c46a0b6e998754bfa0d00f408e1873dcbb5", size = 6753655, upload-time = "2025-06-26T01:52:55.064Z" },
    { url = "https://files.pythonhosted.org/packages/1f/29/efbd4ac837c23bc48e34bbaf32bd429f0dc9ad7f80721cdb4622144c118c/grpcio-1.73.1-cp313-cp313-musllinux_1_1_x86_64.whl", hash = "sha256:686231cdd03a8a8055f798b2b54b19428cdf18fa1549bee92249b43607c42668", size = 6287288, upload-time = "2025-06-26T01:52:57.33Z" },
    { url = "https://files.pythonhosted.org/packages/d8/61/c6045d2ce16624bbe18b5d169c1a5ce4d6c3a47bc9d0e5c4fa6a50ed1239/grpcio-1.73.1-cp313-cp313-win32.whl", hash = "sha256:89018866a096e2ce21e05eabed1567479713ebe57b1db7cbb0f1e3b896793ba4", size = 3668151, upload-time = "2025-06-26T01:52:59.405Z" },
    { url = "https://files.pythonhosted.org/packages/c2/d7/77ac689216daee10de318db5aa1b88d159432dc76a130948a56b3aa671a2/grpcio-1.73.1-cp313-cp313-win_amd64.whl", hash = "sha256:4a68f8c9966b94dff693670a5cf2b54888a48a5011c5d9ce2295a1a1465ee84f", size = 4335747, upload-time = "2025-06-26T01:53:01.233Z" },
]

[[package]]
name = "grpcio-tools"
version = "1.73.1"
source = { registry = "https://pypi.org/simple" }
dependencies = [
    { name = "grpcio" },
    { name = "protobuf" },
    { name = "setuptools" },
]
sdist = { url = "https://files.pythonhosted.org/packages/63/b6/b185a351b4b00df88a1c7558eb3bcc05a4f53c36071b84d4f8a4db53f105/grpcio_tools-1.73.1.tar.gz", hash = "sha256:6e06adec3b0870f5947953b0ef8dbdf2cebcdff61fb1fe08120cc7483c7978aa", size = 5429529, upload-time = "2025-06-26T01:56:15.729Z" }
wheels = [
    { url = "https://files.pythonhosted.org/packages/c8/8a/eab18f1810ff419dff34d18442cda7656a1e8267c5167e82c8fab5f11720/grpcio_tools-1.73.1-cp312-cp312-linux_armv7l.whl", hash = "sha256:23af3de80c89ee803d0143c6293f8e979a851f0414702b5de973e205fca69db2", size = 2541816, upload-time = "2025-06-26T01:55:18.836Z" },
    { url = "https://files.pythonhosted.org/packages/fa/b9/72b45d5dd5ec0ade82ad8d06c4cf72f3735ddb8c87c8121366b6282143da/grpcio_tools-1.73.1-cp312-cp312-macosx_11_0_universal2.whl", hash = "sha256:fbf17ad6fff6c9002d28bc3632216eafb59631308b05c4cf80e72d21c33f7dc9", size = 5829980, upload-time = "2025-06-26T01:55:20.328Z" },
    { url = "https://files.pythonhosted.org/packages/81/ce/96c1e89df25047f5c7f374de46aeddffd479d6cefd8c2b852fac81d05b19/grpcio_tools-1.73.1-cp312-cp312-manylinux_2_17_aarch64.whl", hash = "sha256:aa05ecd0b2ca583862d107eea4d9480a2d89987ae46bc02944cc450a122f833b", size = 2521909, upload-time = "2025-06-26T01:55:22.288Z" },
    { url = "https://files.pythonhosted.org/packages/80/6b/b30c6ae86ee5e90368996bba678f8a2dd6fc991054ce604bd10e9a6e3954/grpcio_tools-1.73.1-cp312-cp312-manylinux_2_17_i686.manylinux2014_i686.whl", hash = "sha256:664fbec02f93d14bb74c442e06ba20a4448a20236ed3d6ac5d2c4ef82a33a8b4", size = 2919133, upload-time = "2025-06-26T01:55:24.258Z" },
    { url = "https://files.pythonhosted.org/packages/53/6b/40841ea6a5b7588f64f72a2fea7fd8e1435231df9618282edd38b1b2cdb5/grpcio_tools-1.73.1-cp312-cp312-manylinux_2_17_x86_64.manylinux2014_x86_64.whl", hash = "sha256:60aa528d7576c932f43172723188f53aaa7bdb307e52d22f2e5ab831a3667693", size = 2656079, upload-time = "2025-06-26T01:55:26.005Z" },
    { url = "https://files.pythonhosted.org/packages/ae/ae/30d94b63499cb55b60cbd223b0b28569fc232ca422423bac85093e3dd494/grpcio_tools-1.73.1-cp312-cp312-musllinux_1_1_aarch64.whl", hash = "sha256:3893517010bcdb8cb4949715786bc5953fe7df6b575f8b1725531ed492b1080c", size = 3054827, upload-time = "2025-06-26T01:55:27.888Z" },
    { url = "https://files.pythonhosted.org/packages/ff/79/d7998a3bb53261da22a8e6dc77406eb52c4678c445107aeaddb4a46be3b0/grpcio_tools-1.73.1-cp312-cp312-musllinux_1_1_i686.whl", hash = "sha256:654083a2d4e83679d4fb6ac46a2748c1b57ecf45be5cbe88d88a1a4aef6b3281", size = 3514026, upload-time = "2025-06-26T01:55:29.851Z" },
    { url = "https://files.pythonhosted.org/packages/b7/bc/36d3e5239b458c86f1b1f167740288ea1a6419540586696d93fcbc2e08fe/grpcio_tools-1.73.1-cp312-cp312-musllinux_1_1_x86_64.whl", hash = "sha256:cd8b1077849acd69923b08a8e5221050e5201eb65907487ee6d69aa06b583b46", size = 3116478, upload-time = "2025-06-26T01:55:31.85Z" },
    { url = "https://files.pythonhosted.org/packages/47/ed/6a29660ed5e13b2be894ff5d2e48b28be1951bb06a7d5c3afe314a772001/grpcio_tools-1.73.1-cp312-cp312-win32.whl", hash = "sha256:0273f64c8db4a52a3a99fd34c83a1a1723bd3ac6806d3054a93f08044609fa65", size = 980690, upload-time = "2025-06-26T01:55:33.503Z" },
    { url = "https://files.pythonhosted.org/packages/15/f6/abfbcd96de1b75903e679d0ed1179c8fe607c9782824a19ce668b1e778c6/grpcio_tools-1.73.1-cp312-cp312-win_amd64.whl", hash = "sha256:0626266b0df489d6e8bdd4178b1c78cac9963fde4c5ba6b205b329e46696b334", size = 1152214, upload-time = "2025-06-26T01:55:35.239Z" },
    { url = "https://files.pythonhosted.org/packages/02/fc/2bdba4984b971d9b4cebf48021656523ffd75b9743457a875cba1f378b27/grpcio_tools-1.73.1-cp313-cp313-linux_armv7l.whl", hash = "sha256:4687200e18d316ef1e28824bf9c62c2c6a3a2aacf4e0d292306258ef05955587", size = 2542034, upload-time = "2025-06-26T01:55:37.268Z" },
    { url = "https://files.pythonhosted.org/packages/0a/bf/75e6488d85f60fb7f51f46b4eb4a3b2e0c83e8036bd10b3ced86878752cf/grpcio_tools-1.73.1-cp313-cp313-macosx_11_0_universal2.whl", hash = "sha256:b86daf2dba207aace486cf5752c9c5d35864cd67f1df1429f7341af3984dadc7", size = 5828983, upload-time = "2025-06-26T01:55:39.756Z" },
    { url = "https://files.pythonhosted.org/packages/67/3d/1dfaec1628dfcc4dd5147b7b1403f4121a2e07a4d407fefbc809357e90e2/grpcio_tools-1.73.1-cp313-cp313-manylinux_2_17_aarch64.whl", hash = "sha256:44ec622d210740ed6c4300ea51fc43faaa0c58f4e2c4b03e2fe5a452b8e440ce", size = 2521512, upload-time = "2025-06-26T01:55:41.358Z" },
    { url = "https://files.pythonhosted.org/packages/66/a6/0b9fab9aad550f8278c83f492b36eae68436b92837d7ae7ddb8bc17e3736/grpcio_tools-1.73.1-cp313-cp313-manylinux_2_17_i686.manylinux2014_i686.whl", hash = "sha256:7ceac9073030012596cb7923643552329e48fb911eea3225624b8ef34bae92e1", size = 2918529, upload-time = "2025-06-26T01:55:43.394Z" },
    { url = "https://files.pythonhosted.org/packages/8c/b5/a90ad384d5e7e8a42cd3165f7feedd6fdd627de6a5208a5fd386544edecd/grpcio_tools-1.73.1-cp313-cp313-manylinux_2_17_x86_64.manylinux2014_x86_64.whl", hash = "sha256:43329b47e982798c9eb18f652fc10fef5d22f9df51001a10f1ece01d9d203c04", size = 2655669, upload-time = "2025-06-26T01:55:45.434Z" },
    { url = "https://files.pythonhosted.org/packages/b5/7f/e7b14b2682571309a0a94b3cef28cf8b9261bb6e867f2fff47974b113544/grpcio_tools-1.73.1-cp313-cp313-musllinux_1_1_aarch64.whl", hash = "sha256:f0afb000ff67f7665f3eedd797c23b403a6bdae829d6e610944aeb6959193698", size = 3054795, upload-time = "2025-06-26T01:55:47.229Z" },
    { url = "https://files.pythonhosted.org/packages/ba/7c/99ca6a84f28463f3cf7dde9cebb4f411dfaa10e30bbeefe246de9197edc8/grpcio_tools-1.73.1-cp313-cp313-musllinux_1_1_i686.whl", hash = "sha256:40c5def66b69c8c8f8a6af8d47a5e6b5825055c7ef7cf2b1b58c57ddc86bf3be", size = 3513669, upload-time = "2025-06-26T01:55:49.114Z" },
    { url = "https://files.pythonhosted.org/packages/ff/bd/15070d40da6ef3152cbc91dbfbf90f21ab4691def8d248dddb76fbcaf1d6/grpcio_tools-1.73.1-cp313-cp313-musllinux_1_1_x86_64.whl", hash = "sha256:9a0eb7d88c9f1992afb3021e45721971e49d612b03fa5d38cce6e4369509f32c", size = 3115931, upload-time = "2025-06-26T01:55:50.805Z" },
    { url = "https://files.pythonhosted.org/packages/35/a5/c255c8ee74e98f6a33ecea07ec1f4b4e7ec4338ecdd795d8891e0513177f/grpcio_tools-1.73.1-cp313-cp313-win32.whl", hash = "sha256:34480c6964d16b7fa0012b9fc574efa9e2f71c80f8bc9da0887c300abb7130f3", size = 980321, upload-time = "2025-06-26T01:55:52.615Z" },
    { url = "https://files.pythonhosted.org/packages/14/7b/9c2b57eec340269e81d5113125b29213ef4dd1138cadc4d4d30b2506ebc2/grpcio_tools-1.73.1-cp313-cp313-win_amd64.whl", hash = "sha256:2b005373ad23dc0f25d8d6ec6d219fc3a6831b8d0f487be8f9bb2315307ba1c1", size = 1151842, upload-time = "2025-06-26T01:55:54.261Z" },
]

[[package]]
name = "grpclib"
version = "0.4.8"
source = { registry = "https://pypi.org/simple" }
dependencies = [
    { name = "h2" },
    { name = "multidict" },
]
sdist = { url = "https://files.pythonhosted.org/packages/19/75/0f0d3524b38b35e5cd07334b754aa9bd0570140ad982131b04ebfa3b0374/grpclib-0.4.8.tar.gz", hash = "sha256:d8823763780ef94fed8b2c562f7485cf0bbee15fc7d065a640673667f7719c9a", size = 62793, upload-time = "2025-05-04T16:27:30.051Z" }
wheels = [
    { url = "https://files.pythonhosted.org/packages/03/8b/ad381ec1b8195fa4a9a693cb8087e031b99530c0d6b8ad036dcb99e144c4/grpclib-0.4.8-py3-none-any.whl", hash = "sha256:a5047733a7acc1c1cee6abf3c841c7c6fab67d2844a45a853b113fa2e6cd2654", size = 76311, upload-time = "2025-05-04T16:27:22.818Z" },
]

[[package]]
name = "h11"
version = "0.16.0"
source = { registry = "https://pypi.org/simple" }
sdist = { url = "https://files.pythonhosted.org/packages/01/ee/02a2c011bdab74c6fb3c75474d40b3052059d95df7e73351460c8588d963/h11-0.16.0.tar.gz", hash = "sha256:4e35b956cf45792e4caa5885e69fba00bdbc6ffafbfa020300e549b208ee5ff1", size = 101250, upload-time = "2025-04-24T03:35:25.427Z" }
wheels = [
    { url = "https://files.pythonhosted.org/packages/04/4b/29cac41a4d98d144bf5f6d33995617b185d14b22401f75ca86f384e87ff1/h11-0.16.0-py3-none-any.whl", hash = "sha256:63cf8bbe7522de3bf65932fda1d9c2772064ffb3dae62d55932da54b31cb6c86", size = 37515, upload-time = "2025-04-24T03:35:24.344Z" },
]

[[package]]
name = "h2"
version = "4.2.0"
source = { registry = "https://pypi.org/simple" }
dependencies = [
    { name = "hpack" },
    { name = "hyperframe" },
]
sdist = { url = "https://files.pythonhosted.org/packages/1b/38/d7f80fd13e6582fb8e0df8c9a653dcc02b03ca34f4d72f34869298c5baf8/h2-4.2.0.tar.gz", hash = "sha256:c8a52129695e88b1a0578d8d2cc6842bbd79128ac685463b887ee278126ad01f", size = 2150682, upload-time = "2025-02-02T07:43:51.815Z" }
wheels = [
    { url = "https://files.pythonhosted.org/packages/d0/9e/984486f2d0a0bd2b024bf4bc1c62688fcafa9e61991f041fb0e2def4a982/h2-4.2.0-py3-none-any.whl", hash = "sha256:479a53ad425bb29af087f3458a61d30780bc818e4ebcf01f0b536ba916462ed0", size = 60957, upload-time = "2025-02-01T11:02:26.481Z" },
]

[[package]]
name = "hpack"
version = "4.1.0"
source = { registry = "https://pypi.org/simple" }
sdist = { url = "https://files.pythonhosted.org/packages/2c/48/71de9ed269fdae9c8057e5a4c0aa7402e8bb16f2c6e90b3aa53327b113f8/hpack-4.1.0.tar.gz", hash = "sha256:ec5eca154f7056aa06f196a557655c5b009b382873ac8d1e66e79e87535f1dca", size = 51276, upload-time = "2025-01-22T21:44:58.347Z" }
wheels = [
    { url = "https://files.pythonhosted.org/packages/07/c6/80c95b1b2b94682a72cbdbfb85b81ae2daffa4291fbfa1b1464502ede10d/hpack-4.1.0-py3-none-any.whl", hash = "sha256:157ac792668d995c657d93111f46b4535ed114f0c9c8d672271bbec7eae1b496", size = 34357, upload-time = "2025-01-22T21:44:56.92Z" },
]

[[package]]
name = "httpcore"
version = "1.0.9"
source = { registry = "https://pypi.org/simple" }
dependencies = [
    { name = "certifi" },
    { name = "h11" },
]
sdist = { url = "https://files.pythonhosted.org/packages/06/94/82699a10bca87a5556c9c59b5963f2d039dbd239f25bc2a63907a05a14cb/httpcore-1.0.9.tar.gz", hash = "sha256:6e34463af53fd2ab5d807f399a9b45ea31c3dfa2276f15a2c3f00afff6e176e8", size = 85484, upload-time = "2025-04-24T22:06:22.219Z" }
wheels = [
    { url = "https://files.pythonhosted.org/packages/7e/f5/f66802a942d491edb555dd61e3a9961140fd64c90bce1eafd741609d334d/httpcore-1.0.9-py3-none-any.whl", hash = "sha256:2d400746a40668fc9dec9810239072b40b4484b640a8c38fd654a024c7a1bf55", size = 78784, upload-time = "2025-04-24T22:06:20.566Z" },
]

[[package]]
name = "httpx"
version = "0.28.1"
source = { registry = "https://pypi.org/simple" }
dependencies = [
    { name = "anyio" },
    { name = "certifi" },
    { name = "httpcore" },
    { name = "idna" },
]
sdist = { url = "https://files.pythonhosted.org/packages/b1/df/48c586a5fe32a0f01324ee087459e112ebb7224f646c0b5023f5e79e9956/httpx-0.28.1.tar.gz", hash = "sha256:75e98c5f16b0f35b567856f597f06ff2270a374470a5c2392242528e3e3e42fc", size = 141406, upload-time = "2024-12-06T15:37:23.222Z" }
wheels = [
    { url = "https://files.pythonhosted.org/packages/2a/39/e50c7c3a983047577ee07d2a9e53faf5a69493943ec3f6a384bdc792deb2/httpx-0.28.1-py3-none-any.whl", hash = "sha256:d909fcccc110f8c7faf814ca82a9a4d816bc5a6dbfea25d6591d6985b8ba59ad", size = 73517, upload-time = "2024-12-06T15:37:21.509Z" },
]

[[package]]
name = "hyperframe"
version = "6.1.0"
source = { registry = "https://pypi.org/simple" }
sdist = { url = "https://files.pythonhosted.org/packages/02/e7/94f8232d4a74cc99514c13a9f995811485a6903d48e5d952771ef6322e30/hyperframe-6.1.0.tar.gz", hash = "sha256:f630908a00854a7adeabd6382b43923a4c4cd4b821fcb527e6ab9e15382a3b08", size = 26566, upload-time = "2025-01-22T21:41:49.302Z" }
wheels = [
    { url = "https://files.pythonhosted.org/packages/48/30/47d0bf6072f7252e6521f3447ccfa40b421b6824517f82854703d0f5a98b/hyperframe-6.1.0-py3-none-any.whl", hash = "sha256:b03380493a519fce58ea5af42e4a42317bf9bd425596f7a0835ffce80f1a42e5", size = 13007, upload-time = "2025-01-22T21:41:47.295Z" },
]

[[package]]
name = "idna"
version = "3.10"
source = { registry = "https://pypi.org/simple" }
sdist = { url = "https://files.pythonhosted.org/packages/f1/70/7703c29685631f5a7590aa73f1f1d3fa9a380e654b86af429e0934a32f7d/idna-3.10.tar.gz", hash = "sha256:12f65c9b470abda6dc35cf8e63cc574b1c52b11df2c86030af0ac09b01b13ea9", size = 190490, upload-time = "2024-09-15T18:07:39.745Z" }
wheels = [
    { url = "https://files.pythonhosted.org/packages/76/c6/c88e154df9c4e1a2a66ccf0005a88dfb2650c1dffb6f5ce603dfbd452ce3/idna-3.10-py3-none-any.whl", hash = "sha256:946d195a0d259cbba61165e88e65941f16e9b36ea6ddb97f00452bae8b1287d3", size = 70442, upload-time = "2024-09-15T18:07:37.964Z" },
]

[[package]]
name = "multidict"
version = "6.6.3"
source = { registry = "https://pypi.org/simple" }
sdist = { url = "https://files.pythonhosted.org/packages/3d/2c/5dad12e82fbdf7470f29bff2171484bf07cb3b16ada60a6589af8f376440/multidict-6.6.3.tar.gz", hash = "sha256:798a9eb12dab0a6c2e29c1de6f3468af5cb2da6053a20dfa3344907eed0937cc", size = 101006, upload-time = "2025-06-30T15:53:46.929Z" }
wheels = [
    { url = "https://files.pythonhosted.org/packages/0e/a0/6b57988ea102da0623ea814160ed78d45a2645e4bbb499c2896d12833a70/multidict-6.6.3-cp312-cp312-macosx_10_13_universal2.whl", hash = "sha256:056bebbeda16b2e38642d75e9e5310c484b7c24e3841dc0fb943206a72ec89d6", size = 76514, upload-time = "2025-06-30T15:51:48.728Z" },
    { url = "https://files.pythonhosted.org/packages/07/7a/d1e92665b0850c6c0508f101f9cf0410c1afa24973e1115fe9c6a185ebf7/multidict-6.6.3-cp312-cp312-macosx_10_13_x86_64.whl", hash = "sha256:e5f481cccb3c5c5e5de5d00b5141dc589c1047e60d07e85bbd7dea3d4580d63f", size = 45394, upload-time = "2025-06-30T15:51:49.986Z" },
    { url = "https://files.pythonhosted.org/packages/52/6f/dd104490e01be6ef8bf9573705d8572f8c2d2c561f06e3826b081d9e6591/multidict-6.6.3-cp312-cp312-macosx_11_0_arm64.whl", hash = "sha256:10bea2ee839a759ee368b5a6e47787f399b41e70cf0c20d90dfaf4158dfb4e55", size = 43590, upload-time = "2025-06-30T15:51:51.331Z" },
    { url = "https://files.pythonhosted.org/packages/44/fe/06e0e01b1b0611e6581b7fd5a85b43dacc08b6cea3034f902f383b0873e5/multidict-6.6.3-cp312-cp312-manylinux1_i686.manylinux2014_i686.manylinux_2_17_i686.manylinux_2_5_i686.whl", hash = "sha256:2334cfb0fa9549d6ce2c21af2bfbcd3ac4ec3646b1b1581c88e3e2b1779ec92b", size = 237292, upload-time = "2025-06-30T15:51:52.584Z" },
    { url = "https://files.pythonhosted.org/packages/ce/71/4f0e558fb77696b89c233c1ee2d92f3e1d5459070a0e89153c9e9e804186/multidict-6.6.3-cp312-cp312-manylinux2014_aarch64.manylinux_2_17_aarch64.manylinux_2_28_aarch64.whl", hash = "sha256:b8fee016722550a2276ca2cb5bb624480e0ed2bd49125b2b73b7010b9090e888", size = 258385, upload-time = "2025-06-30T15:51:53.913Z" },
    { url = "https://files.pythonhosted.org/packages/e3/25/cca0e68228addad24903801ed1ab42e21307a1b4b6dd2cf63da5d3ae082a/multidict-6.6.3-cp312-cp312-manylinux2014_armv7l.manylinux_2_17_armv7l.manylinux_2_31_armv7l.whl", hash = "sha256:e5511cb35f5c50a2db21047c875eb42f308c5583edf96bd8ebf7d770a9d68f6d", size = 242328, upload-time = "2025-06-30T15:51:55.672Z" },
    { url = "https://files.pythonhosted.org/packages/6e/a3/46f2d420d86bbcb8fe660b26a10a219871a0fbf4d43cb846a4031533f3e0/multidict-6.6.3-cp312-cp312-manylinux2014_ppc64le.manylinux_2_17_ppc64le.manylinux_2_28_ppc64le.whl", hash = "sha256:712b348f7f449948e0a6c4564a21c7db965af900973a67db432d724619b3c680", size = 268057, upload-time = "2025-06-30T15:51:57.037Z" },
    { url = "https://files.pythonhosted.org/packages/9e/73/1c743542fe00794a2ec7466abd3f312ccb8fad8dff9f36d42e18fb1ec33e/multidict-6.6.3-cp312-cp312-manylinux2014_s390x.manylinux_2_17_s390x.manylinux_2_28_s390x.whl", hash = "sha256:e4e15d2138ee2694e038e33b7c3da70e6b0ad8868b9f8094a72e1414aeda9c1a", size = 269341, upload-time = "2025-06-30T15:51:59.111Z" },
    { url = "https://files.pythonhosted.org/packages/a4/11/6ec9dcbe2264b92778eeb85407d1df18812248bf3506a5a1754bc035db0c/multidict-6.6.3-cp312-cp312-manylinux2014_x86_64.manylinux_2_17_x86_64.manylinux_2_28_x86_64.whl", hash = "sha256:8df25594989aebff8a130f7899fa03cbfcc5d2b5f4a461cf2518236fe6f15961", size = 256081, upload-time = "2025-06-30T15:52:00.533Z" },
    { url = "https://files.pythonhosted.org/packages/9b/2b/631b1e2afeb5f1696846d747d36cda075bfdc0bc7245d6ba5c319278d6c4/multidict-6.6.3-cp312-cp312-musllinux_1_2_aarch64.whl", hash = "sha256:159ca68bfd284a8860f8d8112cf0521113bffd9c17568579e4d13d1f1dc76b65", size = 253581, upload-time = "2025-06-30T15:52:02.43Z" },
    { url = "https://files.pythonhosted.org/packages/bf/0e/7e3b93f79efeb6111d3bf9a1a69e555ba1d07ad1c11bceb56b7310d0d7ee/multidict-6.6.3-cp312-cp312-musllinux_1_2_armv7l.whl", hash = "sha256:e098c17856a8c9ade81b4810888c5ad1914099657226283cab3062c0540b0643", size = 250750, upload-time = "2025-06-30T15:52:04.26Z" },
    { url = "https://files.pythonhosted.org/packages/ad/9e/086846c1d6601948e7de556ee464a2d4c85e33883e749f46b9547d7b0704/multidict-6.6.3-cp312-cp312-musllinux_1_2_i686.whl", hash = "sha256:67c92ed673049dec52d7ed39f8cf9ebbadf5032c774058b4406d18c8f8fe7063", size = 251548, upload-time = "2025-06-30T15:52:06.002Z" },
    { url = "https://files.pythonhosted.org/packages/8c/7b/86ec260118e522f1a31550e87b23542294880c97cfbf6fb18cc67b044c66/multidict-6.6.3-cp312-cp312-musllinux_1_2_ppc64le.whl", hash = "sha256:bd0578596e3a835ef451784053cfd327d607fc39ea1a14812139339a18a0dbc3", size = 262718, upload-time = "2025-06-30T15:52:07.707Z" },
    { url = "https://files.pythonhosted.org/packages/8c/bd/22ce8f47abb0be04692c9fc4638508b8340987b18691aa7775d927b73f72/multidict-6.6.3-cp312-cp312-musllinux_1_2_s390x.whl", hash = "sha256:346055630a2df2115cd23ae271910b4cae40f4e336773550dca4889b12916e75", size = 259603, upload-time = "2025-06-30T15:52:09.58Z" },
    { url = "https://files.pythonhosted.org/packages/07/9c/91b7ac1691be95cd1f4a26e36a74b97cda6aa9820632d31aab4410f46ebd/multidict-6.6.3-cp312-cp312-musllinux_1_2_x86_64.whl", hash = "sha256:555ff55a359302b79de97e0468e9ee80637b0de1fce77721639f7cd9440b3a10", size = 251351, upload-time = "2025-06-30T15:52:10.947Z" },
    { url = "https://files.pythonhosted.org/packages/6f/5c/4d7adc739884f7a9fbe00d1eac8c034023ef8bad71f2ebe12823ca2e3649/multidict-6.6.3-cp312-cp312-win32.whl", hash = "sha256:73ab034fb8d58ff85c2bcbadc470efc3fafeea8affcf8722855fb94557f14cc5", size = 41860, upload-time = "2025-06-30T15:52:12.334Z" },
    { url = "https://files.pythonhosted.org/packages/6a/a3/0fbc7afdf7cb1aa12a086b02959307848eb6bcc8f66fcb66c0cb57e2a2c1/multidict-6.6.3-cp312-cp312-win_amd64.whl", hash = "sha256:04cbcce84f63b9af41bad04a54d4cc4e60e90c35b9e6ccb130be2d75b71f8c17", size = 45982, upload-time = "2025-06-30T15:52:13.6Z" },
    { url = "https://files.pythonhosted.org/packages/b8/95/8c825bd70ff9b02462dc18d1295dd08d3e9e4eb66856d292ffa62cfe1920/multidict-6.6.3-cp312-cp312-win_arm64.whl", hash = "sha256:0f1130b896ecb52d2a1e615260f3ea2af55fa7dc3d7c3003ba0c3121a759b18b", size = 43210, upload-time = "2025-06-30T15:52:14.893Z" },
    { url = "https://files.pythonhosted.org/packages/52/1d/0bebcbbb4f000751fbd09957257903d6e002943fc668d841a4cf2fb7f872/multidict-6.6.3-cp313-cp313-macosx_10_13_universal2.whl", hash = "sha256:540d3c06d48507357a7d57721e5094b4f7093399a0106c211f33540fdc374d55", size = 75843, upload-time = "2025-06-30T15:52:16.155Z" },
    { url = "https://files.pythonhosted.org/packages/07/8f/cbe241b0434cfe257f65c2b1bcf9e8d5fb52bc708c5061fb29b0fed22bdf/multidict-6.6.3-cp313-cp313-macosx_10_13_x86_64.whl", hash = "sha256:9c19cea2a690f04247d43f366d03e4eb110a0dc4cd1bbeee4d445435428ed35b", size = 45053, upload-time = "2025-06-30T15:52:17.429Z" },
    { url = "https://files.pythonhosted.org/packages/32/d2/0b3b23f9dbad5b270b22a3ac3ea73ed0a50ef2d9a390447061178ed6bdb8/multidict-6.6.3-cp313-cp313-macosx_11_0_arm64.whl", hash = "sha256:7af039820cfd00effec86bda5d8debef711a3e86a1d3772e85bea0f243a4bd65", size = 43273, upload-time = "2025-06-30T15:52:19.346Z" },
    { url = "https://files.pythonhosted.org/packages/fd/fe/6eb68927e823999e3683bc49678eb20374ba9615097d085298fd5b386564/multidict-6.6.3-cp313-cp313-manylinux1_i686.manylinux2014_i686.manylinux_2_17_i686.manylinux_2_5_i686.whl", hash = "sha256:500b84f51654fdc3944e936f2922114349bf8fdcac77c3092b03449f0e5bc2b3", size = 237124, upload-time = "2025-06-30T15:52:20.773Z" },
    { url = "https://files.pythonhosted.org/packages/e7/ab/320d8507e7726c460cb77117848b3834ea0d59e769f36fdae495f7669929/multidict-6.6.3-cp313-cp313-manylinux2014_aarch64.manylinux_2_17_aarch64.manylinux_2_28_aarch64.whl", hash = "sha256:f3fc723ab8a5c5ed6c50418e9bfcd8e6dceba6c271cee6728a10a4ed8561520c", size = 256892, upload-time = "2025-06-30T15:52:22.242Z" },
    { url = "https://files.pythonhosted.org/packages/76/60/38ee422db515ac69834e60142a1a69111ac96026e76e8e9aa347fd2e4591/multidict-6.6.3-cp313-cp313-manylinux2014_armv7l.manylinux_2_17_armv7l.manylinux_2_31_armv7l.whl", hash = "sha256:94c47ea3ade005b5976789baaed66d4de4480d0a0bf31cef6edaa41c1e7b56a6", size = 240547, upload-time = "2025-06-30T15:52:23.736Z" },
    { url = "https://files.pythonhosted.org/packages/27/fb/905224fde2dff042b030c27ad95a7ae744325cf54b890b443d30a789b80e/multidict-6.6.3-cp313-cp313-manylinux2014_ppc64le.manylinux_2_17_ppc64le.manylinux_2_28_ppc64le.whl", hash = "sha256:dbc7cf464cc6d67e83e136c9f55726da3a30176f020a36ead246eceed87f1cd8", size = 266223, upload-time = "2025-06-30T15:52:25.185Z" },
    { url = "https://files.pythonhosted.org/packages/76/35/dc38ab361051beae08d1a53965e3e1a418752fc5be4d3fb983c5582d8784/multidict-6.6.3-cp313-cp313-manylinux2014_s390x.manylinux_2_17_s390x.manylinux_2_28_s390x.whl", hash = "sha256:900eb9f9da25ada070f8ee4a23f884e0ee66fe4e1a38c3af644256a508ad81ca", size = 267262, upload-time = "2025-06-30T15:52:26.969Z" },
    { url = "https://files.pythonhosted.org/packages/1f/a3/0a485b7f36e422421b17e2bbb5a81c1af10eac1d4476f2ff92927c730479/multidict-6.6.3-cp313-cp313-manylinux2014_x86_64.manylinux_2_17_x86_64.manylinux_2_28_x86_64.whl", hash = "sha256:7c6df517cf177da5d47ab15407143a89cd1a23f8b335f3a28d57e8b0a3dbb884", size = 254345, upload-time = "2025-06-30T15:52:28.467Z" },
    { url = "https://files.pythonhosted.org/packages/b4/59/bcdd52c1dab7c0e0d75ff19cac751fbd5f850d1fc39172ce809a74aa9ea4/multidict-6.6.3-cp313-cp313-musllinux_1_2_aarch64.whl", hash = "sha256:4ef421045f13879e21c994b36e728d8e7d126c91a64b9185810ab51d474f27e7", size = 252248, upload-time = "2025-06-30T15:52:29.938Z" },
    { url = "https://files.pythonhosted.org/packages/bb/a4/2d96aaa6eae8067ce108d4acee6f45ced5728beda55c0f02ae1072c730d1/multidict-6.6.3-cp313-cp313-musllinux_1_2_armv7l.whl", hash = "sha256:6c1e61bb4f80895c081790b6b09fa49e13566df8fbff817da3f85b3a8192e36b", size = 250115, upload-time = "2025-06-30T15:52:31.416Z" },
    { url = "https://files.pythonhosted.org/packages/25/d2/ed9f847fa5c7d0677d4f02ea2c163d5e48573de3f57bacf5670e43a5ffaa/multidict-6.6.3-cp313-cp313-musllinux_1_2_i686.whl", hash = "sha256:e5e8523bb12d7623cd8300dbd91b9e439a46a028cd078ca695eb66ba31adee3c", size = 249649, upload-time = "2025-06-30T15:52:32.996Z" },
    { url = "https://files.pythonhosted.org/packages/1f/af/9155850372563fc550803d3f25373308aa70f59b52cff25854086ecb4a79/multidict-6.6.3-cp313-cp313-musllinux_1_2_ppc64le.whl", hash = "sha256:ef58340cc896219e4e653dade08fea5c55c6df41bcc68122e3be3e9d873d9a7b", size = 261203, upload-time = "2025-06-30T15:52:34.521Z" },
    { url = "https://files.pythonhosted.org/packages/36/2f/c6a728f699896252cf309769089568a33c6439626648843f78743660709d/multidict-6.6.3-cp313-cp313-musllinux_1_2_s390x.whl", hash = "sha256:fc9dc435ec8699e7b602b94fe0cd4703e69273a01cbc34409af29e7820f777f1", size = 258051, upload-time = "2025-06-30T15:52:35.999Z" },
    { url = "https://files.pythonhosted.org/packages/d0/60/689880776d6b18fa2b70f6cc74ff87dd6c6b9b47bd9cf74c16fecfaa6ad9/multidict-6.6.3-cp313-cp313-musllinux_1_2_x86_64.whl", hash = "sha256:9e864486ef4ab07db5e9cb997bad2b681514158d6954dd1958dfb163b83d53e6", size = 249601, upload-time = "2025-06-30T15:52:37.473Z" },
    { url = "https://files.pythonhosted.org/packages/75/5e/325b11f2222a549019cf2ef879c1f81f94a0d40ace3ef55cf529915ba6cc/multidict-6.6.3-cp313-cp313-win32.whl", hash = "sha256:5633a82fba8e841bc5c5c06b16e21529573cd654f67fd833650a215520a6210e", size = 41683, upload-time = "2025-06-30T15:52:38.927Z" },
    { url = "https://files.pythonhosted.org/packages/b1/ad/cf46e73f5d6e3c775cabd2a05976547f3f18b39bee06260369a42501f053/multidict-6.6.3-cp313-cp313-win_amd64.whl", hash = "sha256:e93089c1570a4ad54c3714a12c2cef549dc9d58e97bcded193d928649cab78e9", size = 45811, upload-time = "2025-06-30T15:52:40.207Z" },
    { url = "https://files.pythonhosted.org/packages/c5/c9/2e3fe950db28fb7c62e1a5f46e1e38759b072e2089209bc033c2798bb5ec/multidict-6.6.3-cp313-cp313-win_arm64.whl", hash = "sha256:c60b401f192e79caec61f166da9c924e9f8bc65548d4246842df91651e83d600", size = 43056, upload-time = "2025-06-30T15:52:41.575Z" },
    { url = "https://files.pythonhosted.org/packages/3a/58/aaf8114cf34966e084a8cc9517771288adb53465188843d5a19862cb6dc3/multidict-6.6.3-cp313-cp313t-macosx_10_13_universal2.whl", hash = "sha256:02fd8f32d403a6ff13864b0851f1f523d4c988051eea0471d4f1fd8010f11134", size = 82811, upload-time = "2025-06-30T15:52:43.281Z" },
    { url = "https://files.pythonhosted.org/packages/71/af/5402e7b58a1f5b987a07ad98f2501fdba2a4f4b4c30cf114e3ce8db64c87/multidict-6.6.3-cp313-cp313t-macosx_10_13_x86_64.whl", hash = "sha256:f3aa090106b1543f3f87b2041eef3c156c8da2aed90c63a2fbed62d875c49c37", size = 48304, upload-time = "2025-06-30T15:52:45.026Z" },
    { url = "https://files.pythonhosted.org/packages/39/65/ab3c8cafe21adb45b24a50266fd747147dec7847425bc2a0f6934b3ae9ce/multidict-6.6.3-cp313-cp313t-macosx_11_0_arm64.whl", hash = "sha256:e924fb978615a5e33ff644cc42e6aa241effcf4f3322c09d4f8cebde95aff5f8", size = 46775, upload-time = "2025-06-30T15:52:46.459Z" },
    { url = "https://files.pythonhosted.org/packages/49/ba/9fcc1b332f67cc0c0c8079e263bfab6660f87fe4e28a35921771ff3eea0d/multidict-6.6.3-cp313-cp313t-manylinux1_i686.manylinux2014_i686.manylinux_2_17_i686.manylinux_2_5_i686.whl", hash = "sha256:b9fe5a0e57c6dbd0e2ce81ca66272282c32cd11d31658ee9553849d91289e1c1", size = 229773, upload-time = "2025-06-30T15:52:47.88Z" },
    { url = "https://files.pythonhosted.org/packages/a4/14/0145a251f555f7c754ce2dcbcd012939bbd1f34f066fa5d28a50e722a054/multidict-6.6.3-cp313-cp313t-manylinux2014_aarch64.manylinux_2_17_aarch64.manylinux_2_28_aarch64.whl", hash = "sha256:b24576f208793ebae00280c59927c3b7c2a3b1655e443a25f753c4611bc1c373", size = 250083, upload-time = "2025-06-30T15:52:49.366Z" },
    { url = "https://files.pythonhosted.org/packages/9e/d4/d5c0bd2bbb173b586c249a151a26d2fb3ec7d53c96e42091c9fef4e1f10c/multidict-6.6.3-cp313-cp313t-manylinux2014_armv7l.manylinux_2_17_armv7l.manylinux_2_31_armv7l.whl", hash = "sha256:135631cb6c58eac37d7ac0df380294fecdc026b28837fa07c02e459c7fb9c54e", size = 228980, upload-time = "2025-06-30T15:52:50.903Z" },
    { url = "https://files.pythonhosted.org/packages/21/32/c9a2d8444a50ec48c4733ccc67254100c10e1c8ae8e40c7a2d2183b59b97/multidict-6.6.3-cp313-cp313t-manylinux2014_ppc64le.manylinux_2_17_ppc64le.manylinux_2_28_ppc64le.whl", hash = "sha256:274d416b0df887aef98f19f21578653982cfb8a05b4e187d4a17103322eeaf8f", size = 257776, upload-time = "2025-06-30T15:52:52.764Z" },
    { url = "https://files.pythonhosted.org/packages/68/d0/14fa1699f4ef629eae08ad6201c6b476098f5efb051b296f4c26be7a9fdf/multidict-6.6.3-cp313-cp313t-manylinux2014_s390x.manylinux_2_17_s390x.manylinux_2_28_s390x.whl", hash = "sha256:e252017a817fad7ce05cafbe5711ed40faeb580e63b16755a3a24e66fa1d87c0", size = 256882, upload-time = "2025-06-30T15:52:54.596Z" },
    { url = "https://files.pythonhosted.org/packages/da/88/84a27570fbe303c65607d517a5f147cd2fc046c2d1da02b84b17b9bdc2aa/multidict-6.6.3-cp313-cp313t-manylinux2014_x86_64.manylinux_2_17_x86_64.manylinux_2_28_x86_64.whl", hash = "sha256:2e4cc8d848cd4fe1cdee28c13ea79ab0ed37fc2e89dd77bac86a2e7959a8c3bc", size = 247816, upload-time = "2025-06-30T15:52:56.175Z" },
    { url = "https://files.pythonhosted.org/packages/1c/60/dca352a0c999ce96a5d8b8ee0b2b9f729dcad2e0b0c195f8286269a2074c/multidict-6.6.3-cp313-cp313t-musllinux_1_2_aarch64.whl", hash = "sha256:9e236a7094b9c4c1b7585f6b9cca34b9d833cf079f7e4c49e6a4a6ec9bfdc68f", size = 245341, upload-time = "2025-06-30T15:52:57.752Z" },
    { url = "https://files.pythonhosted.org/packages/50/ef/433fa3ed06028f03946f3993223dada70fb700f763f70c00079533c34578/multidict-6.6.3-cp313-cp313t-musllinux_1_2_armv7l.whl", hash = "sha256:e0cb0ab69915c55627c933f0b555a943d98ba71b4d1c57bc0d0a66e2567c7471", size = 235854, upload-time = "2025-06-30T15:52:59.74Z" },
    { url = "https://files.pythonhosted.org/packages/1b/1f/487612ab56fbe35715320905215a57fede20de7db40a261759690dc80471/multidict-6.6.3-cp313-cp313t-musllinux_1_2_i686.whl", hash = "sha256:81ef2f64593aba09c5212a3d0f8c906a0d38d710a011f2f42759704d4557d3f2", size = 243432, upload-time = "2025-06-30T15:53:01.602Z" },
    { url = "https://files.pythonhosted.org/packages/da/6f/ce8b79de16cd885c6f9052c96a3671373d00c59b3ee635ea93e6e81b8ccf/multidict-6.6.3-cp313-cp313t-musllinux_1_2_ppc64le.whl", hash = "sha256:b9cbc60010de3562545fa198bfc6d3825df430ea96d2cc509c39bd71e2e7d648", size = 252731, upload-time = "2025-06-30T15:53:03.517Z" },
    { url = "https://files.pythonhosted.org/packages/bb/fe/a2514a6aba78e5abefa1624ca85ae18f542d95ac5cde2e3815a9fbf369aa/multidict-6.6.3-cp313-cp313t-musllinux_1_2_s390x.whl", hash = "sha256:70d974eaaa37211390cd02ef93b7e938de564bbffa866f0b08d07e5e65da783d", size = 247086, upload-time = "2025-06-30T15:53:05.48Z" },
    { url = "https://files.pythonhosted.org/packages/8c/22/b788718d63bb3cce752d107a57c85fcd1a212c6c778628567c9713f9345a/multidict-6.6.3-cp313-cp313t-musllinux_1_2_x86_64.whl", hash = "sha256:3713303e4a6663c6d01d648a68f2848701001f3390a030edaaf3fc949c90bf7c", size = 243338, upload-time = "2025-06-30T15:53:07.522Z" },
    { url = "https://files.pythonhosted.org/packages/22/d6/fdb3d0670819f2228f3f7d9af613d5e652c15d170c83e5f1c94fbc55a25b/multidict-6.6.3-cp313-cp313t-win32.whl", hash = "sha256:639ecc9fe7cd73f2495f62c213e964843826f44505a3e5d82805aa85cac6f89e", size = 47812, upload-time = "2025-06-30T15:53:09.263Z" },
    { url = "https://files.pythonhosted.org/packages/b6/d6/a9d2c808f2c489ad199723197419207ecbfbc1776f6e155e1ecea9c883aa/multidict-6.6.3-cp313-cp313t-win_amd64.whl", hash = "sha256:9f97e181f344a0ef3881b573d31de8542cc0dbc559ec68c8f8b5ce2c2e91646d", size = 53011, upload-time = "2025-06-30T15:53:11.038Z" },
    { url = "https://files.pythonhosted.org/packages/f2/40/b68001cba8188dd267590a111f9661b6256debc327137667e832bf5d66e8/multidict-6.6.3-cp313-cp313t-win_arm64.whl", hash = "sha256:ce8b7693da41a3c4fde5871c738a81490cea5496c671d74374c8ab889e1834fb", size = 45254, upload-time = "2025-06-30T15:53:12.421Z" },
    { url = "https://files.pythonhosted.org/packages/d8/30/9aec301e9772b098c1f5c0ca0279237c9766d94b97802e9888010c64b0ed/multidict-6.6.3-py3-none-any.whl", hash = "sha256:8db10f29c7541fc5da4defd8cd697e1ca429db743fa716325f236079b96f775a", size = 12313, upload-time = "2025-06-30T15:53:45.437Z" },
]

[[package]]
name = "pasarguard-node-bridge"
version = "0.4.1"
source = { editable = "." }
dependencies = [
    { name = "grpclib" },
    { name = "httpx" },
    { name = "protobuf" },
]

[package.dev-dependencies]
dev = [
    { name = "grpcio-tools" },
]

[package.metadata]
requires-dist = [
    { name = "grpclib", specifier = ">=0.4.8" },
    { name = "httpx", specifier = ">=0.28.1" },
    { name = "protobuf", specifier = ">=6.31.1" },
]

[package.metadata.requires-dev]
dev = [{ name = "grpcio-tools", specifier = ">=1.73.1" }]

[[package]]
name = "protobuf"
version = "6.31.1"
source = { registry = "https://pypi.org/simple" }
sdist = { url = "https://files.pythonhosted.org/packages/52/f3/b9655a711b32c19720253f6f06326faf90580834e2e83f840472d752bc8b/protobuf-6.31.1.tar.gz", hash = "sha256:d8cac4c982f0b957a4dc73a80e2ea24fab08e679c0de9deb835f4a12d69aca9a", size = 441797, upload-time = "2025-05-28T19:25:54.947Z" }
wheels = [
    { url = "https://files.pythonhosted.org/packages/f3/6f/6ab8e4bf962fd5570d3deaa2d5c38f0a363f57b4501047b5ebeb83ab1125/protobuf-6.31.1-cp310-abi3-win32.whl", hash = "sha256:7fa17d5a29c2e04b7d90e5e32388b8bfd0e7107cd8e616feef7ed3fa6bdab5c9", size = 423603, upload-time = "2025-05-28T19:25:41.198Z" },
    { url = "https://files.pythonhosted.org/packages/44/3a/b15c4347dd4bf3a1b0ee882f384623e2063bb5cf9fa9d57990a4f7df2fb6/protobuf-6.31.1-cp310-abi3-win_amd64.whl", hash = "sha256:426f59d2964864a1a366254fa703b8632dcec0790d8862d30034d8245e1cd447", size = 435283, upload-time = "2025-05-28T19:25:44.275Z" },
    { url = "https://files.pythonhosted.org/packages/6a/c9/b9689a2a250264a84e66c46d8862ba788ee7a641cdca39bccf64f59284b7/protobuf-6.31.1-cp39-abi3-macosx_10_9_universal2.whl", hash = "sha256:6f1227473dc43d44ed644425268eb7c2e488ae245d51c6866d19fe158e207402", size = 425604, upload-time = "2025-05-28T19:25:45.702Z" },
    { url = "https://files.pythonhosted.org/packages/76/a1/7a5a94032c83375e4fe7e7f56e3976ea6ac90c5e85fac8576409e25c39c3/protobuf-6.31.1-cp39-abi3-manylinux2014_aarch64.whl", hash = "sha256:a40fc12b84c154884d7d4c4ebd675d5b3b5283e155f324049ae396b95ddebc39", size = 322115, upload-time = "2025-05-28T19:25:47.128Z" },
    { url = "https://files.pythonhosted.org/packages/fa/b1/b59d405d64d31999244643d88c45c8241c58f17cc887e73bcb90602327f8/protobuf-6.31.1-cp39-abi3-manylinux2014_x86_64.whl", hash = "sha256:4ee898bf66f7a8b0bd21bce523814e6fbd8c6add948045ce958b73af7e8878c6", size = 321070, upload-time = "2025-05-28T19:25:50.036Z" },
    { url = "https://files.pythonhosted.org/packages/f7/af/ab3c51ab7507a7325e98ffe691d9495ee3d3aa5f589afad65ec920d39821/protobuf-6.31.1-py3-none-any.whl", hash = "sha256:720a6c7e6b77288b85063569baae8536671b39f15cc22037ec7045658d80489e", size = 168724, upload-time = "2025-05-28T19:25:53.926Z" },
]

[[package]]
name = "setuptools"
version = "80.9.0"
source = { registry = "https://pypi.org/simple" }
sdist = { url = "https://files.pythonhosted.org/packages/18/5d/3bf57dcd21979b887f014ea83c24ae194cfcd12b9e0fda66b957c69d1fca/setuptools-80.9.0.tar.gz", hash = "sha256:f36b47402ecde768dbfafc46e8e4207b4360c654f1f3bb84475f0a28628fb19c", size = 1319958, upload-time = "2025-05-27T00:56:51.443Z" }
wheels = [
    { url = "https://files.pythonhosted.org/packages/a3/dc/17031897dae0efacfea57dfd3a82fdd2a2aeb58e0ff71b77b87e44edc772/setuptools-80.9.0-py3-none-any.whl", hash = "sha256:062d34222ad13e0cc312a4c02d73f059e86a4acbfbdea8f8f76b28c99f306922", size = 1201486, upload-time = "2025-05-27T00:56:49.664Z" },
]

[[package]]
name = "sniffio"
version = "1.3.1"
source = { registry = "https://pypi.org/simple" }
sdist = { url = "https://files.pythonhosted.org/packages/a2/87/a6771e1546d97e7e041b6ae58d80074f81b7d5121207425c964ddf5cfdbd/sniffio-1.3.1.tar.gz", hash = "sha256:f4324edc670a0f49750a81b895f35c3adb843cca46f0530f79fc1babb23789dc", size = 20372, upload-time = "2024-02-25T23:20:04.057Z" }
wheels = [
    { url = "https://files.pythonhosted.org/packages/e9/44/75a9c9421471a6c4805dbf2356f7c181a29c1879239abab1ea2cc8f38b40/sniffio-1.3.1-py3-none-any.whl", hash = "sha256:2f6da418d1f1e0fddd844478f41680e794e6051915791a034ff65e5f100525a2", size = 10235, upload-time = "2024-02-25T23:20:01.196Z" },
]

[[package]]
name = "typing-extensions"
version = "4.14.1"
source = { registry = "https://pypi.org/simple" }
sdist = { url = "https://files.pythonhosted.org/packages/98/5a/da40306b885cc8c09109dc2e1abd358d5684b1425678151cdaed4731c822/typing_extensions-4.14.1.tar.gz", hash = "sha256:38b39f4aeeab64884ce9f74c94263ef78f3c22467c8724005483154c26648d36", size = 107673, upload-time = "2025-07-04T13:28:34.16Z" }
wheels = [
    { url = "https://files.pythonhosted.org/packages/b5/00/d631e67a838026495268c2f6884f3711a15a9a2a96cd244fdaea53b823fb/typing_extensions-4.14.1-py3-none-any.whl", hash = "sha256:d1e1e3b58374dc93031d6eda2420a48ea44a36c2b4766a4fdeb3710755731d76", size = 43906, upload-time = "2025-07-04T13:28:32.743Z" },
]
